
Microsoft Visual Studio Solution File, Format Version 12.00
# Visual Studio Version 16
VisualStudioVersion = 16.0.30804.86
MinimumVisualStudioVersion = 10.0.40219.1
Project("{FAE04EC0-301F-11D3-BF4B-00C04F79EFBC}") = "Talegen.Backchannel", "Talegen.Backchannel.csproj", "{AEDCF87B-977E-4EDC-8A1E-27817DA1709D}"
EndProject
Global
	GlobalSection(SolutionConfigurationPlatforms) = preSolution
		Debug|Any CPU = Debug|Any CPU
		Release|Any CPU = Release|Any CPU
	EndGlobalSection
	GlobalSection(ProjectConfigurationPlatforms) = postSolution
		{AEDCF87B-977E-4EDC-8A1E-27817DA1709D}.Debug|Any CPU.ActiveCfg = Debug|Any CPU
		{AEDCF87B-977E-4EDC-8A1E-27817DA1709D}.Debug|Any CPU.Build.0 = Debug|Any CPU
		{AEDCF87B-977E-4EDC-8A1E-27817DA1709D}.Release|Any CPU.ActiveCfg = Release|Any CPU
		{AEDCF87B-977E-4EDC-8A1E-27817DA1709D}.Release|Any CPU.Build.0 = Release|Any CPU
	EndGlobalSection
	GlobalSection(SolutionProperties) = preSolution
		HideSolutionNode = FALSE
	EndGlobalSection
	GlobalSection(ExtensibilityGlobals) = postSolution
		SolutionGuid = {68F4C9E1-AF1D-4B15-8C19-3512947988B4}
	EndGlobalSection
EndGlobal
